<?xml version="1.0" encoding="UTF-8" standalone="yes" ?>
<CodeBlocks_project_file>
	<FileVersion major="1" minor="6" />
	<Project>
		<Option title="cobjectd" />
		<Option pch_mode="2" />
		<Option compiler="gcc" />
		<Build>
			<Target title="Debug">
				<Option output="bin/Debug/cobjectd" prefix_auto="1" extension_auto="1" />
				<Option object_output="obj/Debug/" />
				<Option type="1" />
				<Option compiler="gcc" />
				<Compiler>
					<Add option="-g" />
					<Add option="-DCO_SERVER" />
				</Compiler>
			</Target>
			<Target title="Release">
				<Option output="bin/Release/cobjectd" prefix_auto="1" extension_auto="1" />
				<Option object_output="obj/Release/" />
				<Option type="1" />
				<Option compiler="gcc" />
				<Compiler>
					<Add option="-O2" />
				</Compiler>
				<Linker>
					<Add option="-s" />
				</Linker>
			</Target>
		</Build>
		<Compiler>
			<Add option="-Wall" />
			<Add option="-fexceptions" />
			<Add directory="../meta" />
			<Add directory="../cobject-shared" />
		</Compiler>
		<Linker>
			<Add library="../meta/bin/DebugLib/libmeta.a" />
			<Add library="boost_system-mt" />
			<Add library="boost_filesystem-mt" />
			<Add library="pthread" />
		</Linker>
		<Unit filename="../cobject-shared/messages.hpp" />
		<Unit filename="../cobject-shared/serialize.cpp" />
		<Unit filename="../cobject-shared/serialize.hpp" />
		<Unit filename="../cobject-shared/typemap.cpp" />
		<Unit filename="../cobject-shared/typemap.hpp" />
		<Unit filename="classregistry.cpp" />
		<Unit filename="classregistry.hpp" />
		<Unit filename="foreach.hpp" />
		<Unit filename="handlemessage.cpp" />
		<Unit filename="handlemessage.hpp" />
		<Unit filename="main.cpp" />
		<Unit filename="objecthandle.cpp" />
		<Unit filename="objecthandle.hpp">
			<Option target="&lt;{~None~}&gt;" />
		</Unit>
		<Unit filename="runcall.cpp" />
		<Unit filename="runcall.hpp" />
		<Unit filename="socketstream.cpp" />
		<Unit filename="socketstream.hpp" />
		<Unit filename="tcp_connection.cpp" />
		<Unit filename="tcp_connection.hpp" />
		<Unit filename="tcp_server.cpp" />
		<Unit filename="tcp_server.hpp" />
		<Extensions>
			<code_completion />
			<debugger />
		</Extensions>
	</Project>
</CodeBlocks_project_file>
